
Microsoft Visual Studio Solution File, Format Version 12.00
# Visual Studio Version 17
VisualStudioVersion = 17.9.34622.214
MinimumVisualStudioVersion = 10.0.40219.1
Project("{FAE04EC0-301F-11D3-BF4B-00C04F79EFBC}") = "Ranger", "Ranger\Ranger.csproj", "{4BED48EE-1D9C-4874-AEB6-BE2DC7E8717A}"
EndProject
Global
	GlobalSection(SolutionConfigurationPlatforms) = preSolution
		Debug|Any CPU = Debug|Any CPU
		Release|Any CPU = Release|Any CPU
	EndGlobalSection
	GlobalSection(ProjectConfigurationPlatforms) = postSolution
		{4BED48EE-1D9C-4874-AEB6-BE2DC7E8717A}.Debug|Any CPU.ActiveCfg = Debug|Any CPU
		{4BED48EE-1D9C-4874-AEB6-BE2DC7E8717A}.Debug|Any CPU.Build.0 = Debug|Any CPU
		{4BED48EE-1D9C-4874-AEB6-BE2DC7E8717A}.Release|Any CPU.ActiveCfg = Release|Any CPU
		{4BED48EE-1D9C-4874-AEB6-BE2DC7E8717A}.Release|Any CPU.Build.0 = Release|Any CPU
	EndGlobalSection
	GlobalSection(SolutionProperties) = preSolution
		HideSolutionNode = FALSE
	EndGlobalSection
	GlobalSection(ExtensibilityGlobals) = postSolution
		SolutionGuid = {B5263F1A-C968-4F35-B193-5CB20BD4D926}
	EndGlobalSection
EndGlobal
